
Microsoft Visual Studio Solution File, Format Version 12.00
# Visual Studio Version 16
VisualStudioVersion = 25.0.1705.4
MinimumVisualStudioVersion = 10.0.40219.1
Project("{FAE04EC0-301F-11D3-BF4B-00C04F79EFBC}") = "Module-2-KnowledgeCheck", "Module-2-KnowledgeCheck.csproj", "{4EFD1842-AD07-430C-8791-DA258541808C}"
EndProject
Global
	GlobalSection(SolutionConfigurationPlatforms) = preSolution
		Debug|Any CPU = Debug|Any CPU
		Release|Any CPU = Release|Any CPU
	EndGlobalSection
	GlobalSection(ProjectConfigurationPlatforms) = postSolution
		{4EFD1842-AD07-430C-8791-DA258541808C}.Debug|Any CPU.ActiveCfg = Debug|Any CPU
		{4EFD1842-AD07-430C-8791-DA258541808C}.Debug|Any CPU.Build.0 = Debug|Any CPU
		{4EFD1842-AD07-430C-8791-DA258541808C}.Release|Any CPU.ActiveCfg = Release|Any CPU
		{4EFD1842-AD07-430C-8791-DA258541808C}.Release|Any CPU.Build.0 = Release|Any CPU
	EndGlobalSection
	GlobalSection(SolutionProperties) = preSolution
		HideSolutionNode = FALSE
	EndGlobalSection
	GlobalSection(ExtensibilityGlobals) = postSolution
		SolutionGuid = {06865B6D-72E3-4B00-8641-1524CEB68F54}
	EndGlobalSection
EndGlobal
